
Microsoft Visual Studio Solution File, Format Version 12.00
# Visual Studio 15
VisualStudioVersion = 15.0.27004.2010
MinimumVisualStudioVersion = 10.0.40219.1
Project("{FAE04EC0-301F-11D3-BF4B-00C04F79EFBC}") = "NW_Central_Libary", "NW_Central_Libary\NW_Central_Libary.csproj", "{80893C04-550A-4E20-B336-C3E456164DF5}"
EndProject
Global
	GlobalSection(SolutionConfigurationPlatforms) = preSolution
		Debug|Any CPU = Debug|Any CPU
		Release|Any CPU = Release|Any CPU
	EndGlobalSection
	GlobalSection(ProjectConfigurationPlatforms) = postSolution
		{80893C04-550A-4E20-B336-C3E456164DF5}.Debug|Any CPU.ActiveCfg = Debug|Any CPU
		{80893C04-550A-4E20-B336-C3E456164DF5}.Debug|Any CPU.Build.0 = Debug|Any CPU
		{80893C04-550A-4E20-B336-C3E456164DF5}.Release|Any CPU.ActiveCfg = Release|Any CPU
		{80893C04-550A-4E20-B336-C3E456164DF5}.Release|Any CPU.Build.0 = Release|Any CPU
	EndGlobalSection
	GlobalSection(SolutionProperties) = preSolution
		HideSolutionNode = FALSE
	EndGlobalSection
	GlobalSection(ExtensibilityGlobals) = postSolution
		SolutionGuid = {6EDBBBC6-0B98-4964-A66D-5464172E3C1A}
	EndGlobalSection
EndGlobal
